
Microsoft Visual Studio Solution File, Format Version 12.00
# Visual Studio Version 17
VisualStudioVersion = 17.9.34701.34
MinimumVisualStudioVersion = 10.0.40219.1
Project("{2150E333-8FDC-42A3-9474-1A3956D46DE8}") = "Solution Items", "Solution Items", "{A42ED783-5F33-43EF-89D7-F3EBA81EF31E}"
	ProjectSection(SolutionItems) = preProject
		.editorconfig = .editorconfig
	EndProjectSection
EndProject
Project("{9A19103F-16F7-4668-BE54-9A1E7A4F7556}") = "UnitTests", "UnitTests\UnitTests.csproj", "{5496A39F-2AE8-4053-B647-70EB2F7513D8}"
EndProject
Project("{FAE04EC0-301F-11D3-BF4B-00C04F79EFBC}") = "DateCalculation", "DateCalculation\DateCalculation.csproj", "{8390924A-D134-4925-8389-026812236204}"
EndProject
Global
	GlobalSection(SolutionConfigurationPlatforms) = preSolution
		Debug|Any CPU = Debug|Any CPU
		Release|Any CPU = Release|Any CPU
	EndGlobalSection
	GlobalSection(ProjectConfigurationPlatforms) = postSolution
		{5496A39F-2AE8-4053-B647-70EB2F7513D8}.Debug|Any CPU.ActiveCfg = Debug|Any CPU
		{5496A39F-2AE8-4053-B647-70EB2F7513D8}.Debug|Any CPU.Build.0 = Debug|Any CPU
		{5496A39F-2AE8-4053-B647-70EB2F7513D8}.Release|Any CPU.ActiveCfg = Release|Any CPU
		{5496A39F-2AE8-4053-B647-70EB2F7513D8}.Release|Any CPU.Build.0 = Release|Any CPU
		{8390924A-D134-4925-8389-026812236204}.Debug|Any CPU.ActiveCfg = Debug|Any CPU
		{8390924A-D134-4925-8389-026812236204}.Debug|Any CPU.Build.0 = Debug|Any CPU
		{8390924A-D134-4925-8389-026812236204}.Release|Any CPU.ActiveCfg = Release|Any CPU
		{8390924A-D134-4925-8389-026812236204}.Release|Any CPU.Build.0 = Release|Any CPU
	EndGlobalSection
	GlobalSection(SolutionProperties) = preSolution
		HideSolutionNode = FALSE
	EndGlobalSection
	GlobalSection(ExtensibilityGlobals) = postSolution
		SolutionGuid = {FA319673-E433-4699-B097-0BCE0DA64AF7}
	EndGlobalSection
EndGlobal
